
Microsoft Visual Studio Solution File, Format Version 12.00
# Visual Studio Version 17
VisualStudioVersion = 17.9.34607.119
MinimumVisualStudioVersion = 10.0.40219.1
Project("{FAE04EC0-301F-11D3-BF4B-00C04F79EFBC}") = "lab1", "lab1.csproj", "{590C63AC-6A8A-4DDC-AEE9-27901011D0A6}"
EndProject
Global
	GlobalSection(SolutionConfigurationPlatforms) = preSolution
		Debug|Any CPU = Debug|Any CPU
		Release|Any CPU = Release|Any CPU
	EndGlobalSection
	GlobalSection(ProjectConfigurationPlatforms) = postSolution
		{590C63AC-6A8A-4DDC-AEE9-27901011D0A6}.Debug|Any CPU.ActiveCfg = Debug|Any CPU
		{590C63AC-6A8A-4DDC-AEE9-27901011D0A6}.Debug|Any CPU.Build.0 = Debug|Any CPU
		{590C63AC-6A8A-4DDC-AEE9-27901011D0A6}.Release|Any CPU.ActiveCfg = Release|Any CPU
		{590C63AC-6A8A-4DDC-AEE9-27901011D0A6}.Release|Any CPU.Build.0 = Release|Any CPU
	EndGlobalSection
	GlobalSection(SolutionProperties) = preSolution
		HideSolutionNode = FALSE
	EndGlobalSection
	GlobalSection(ExtensibilityGlobals) = postSolution
		SolutionGuid = {01323AC3-F1B3-4044-A3FE-9F59271DA752}
	EndGlobalSection
EndGlobal
